
Microsoft Visual Studio Solution File, Format Version 12.00
# Visual Studio Version 17
VisualStudioVersion = 17.3.32811.315
MinimumVisualStudioVersion = 10.0.40219.1
Project("{FAE04EC0-301F-11D3-BF4B-00C04F79EFBC}") = "ChinPong", "ChinPong\ChinPong.csproj", "{E3D57874-CE07-40EC-A8FD-2E932CA9DEA8}"
EndProject
Global
	GlobalSection(SolutionConfigurationPlatforms) = preSolution
		Debug|Any CPU = Debug|Any CPU
		Release|Any CPU = Release|Any CPU
	EndGlobalSection
	GlobalSection(ProjectConfigurationPlatforms) = postSolution
		{E3D57874-CE07-40EC-A8FD-2E932CA9DEA8}.Debug|Any CPU.ActiveCfg = Debug|Any CPU
		{E3D57874-CE07-40EC-A8FD-2E932CA9DEA8}.Debug|Any CPU.Build.0 = Debug|Any CPU
		{E3D57874-CE07-40EC-A8FD-2E932CA9DEA8}.Release|Any CPU.ActiveCfg = Release|Any CPU
		{E3D57874-CE07-40EC-A8FD-2E932CA9DEA8}.Release|Any CPU.Build.0 = Release|Any CPU
	EndGlobalSection
	GlobalSection(SolutionProperties) = preSolution
		HideSolutionNode = FALSE
	EndGlobalSection
	GlobalSection(ExtensibilityGlobals) = postSolution
		SolutionGuid = {FF5A34B1-E4A0-4D4B-8778-0E8BE1F4B758}
	EndGlobalSection
EndGlobal
